
Microsoft Visual Studio Solution File, Format Version 12.00
# Visual Studio Version 16
VisualStudioVersion = 16.0.30320.27
MinimumVisualStudioVersion = 10.0.40219.1
Project("{F184B08F-C81C-45F6-A57F-5ABD9991F28F}") = "PROYECTO_201314551", "PROYECTO_201314551\PROYECTO_201314551.vbproj", "{6485D62C-5755-43E5-B91E-D08189B7FA8C}"
EndProject
Global
	GlobalSection(SolutionConfigurationPlatforms) = preSolution
		Debug|Any CPU = Debug|Any CPU
		Release|Any CPU = Release|Any CPU
	EndGlobalSection
	GlobalSection(ProjectConfigurationPlatforms) = postSolution
		{6485D62C-5755-43E5-B91E-D08189B7FA8C}.Debug|Any CPU.ActiveCfg = Debug|Any CPU
		{6485D62C-5755-43E5-B91E-D08189B7FA8C}.Debug|Any CPU.Build.0 = Debug|Any CPU
		{6485D62C-5755-43E5-B91E-D08189B7FA8C}.Release|Any CPU.ActiveCfg = Release|Any CPU
		{6485D62C-5755-43E5-B91E-D08189B7FA8C}.Release|Any CPU.Build.0 = Release|Any CPU
	EndGlobalSection
	GlobalSection(SolutionProperties) = preSolution
		HideSolutionNode = FALSE
	EndGlobalSection
	GlobalSection(ExtensibilityGlobals) = postSolution
		SolutionGuid = {797C485C-94FE-4A2E-AFB9-E6B1FC5241F9}
	EndGlobalSection
EndGlobal
